// !$*UTF8*$!
{
	archiveVersion = 1;
	classes = {
	};
	objectVersion = 46;
	objects = {

/* Begin PBXBuildFile section */
		55A4B6591E7A5D1200B43237 /* AppDelegate.swift in Sources */ = {isa = PBXBuildFile; fileRef = 55A4B6581E7A5D1200B43237 /* AppDelegate.swift */; };
		55A4B65B1E7A5D1200B43237 /* ViewController.swift in Sources */ = {isa = PBXBuildFile; fileRef = 55A4B65A1E7A5D1200B43237 /* ViewController.swift */; };
		55A4B65E1E7A5D1200B43237 /* Main.storyboard in Resources */ = {isa = PBXBuildFile; fileRef = 55A4B65C1E7A5D1200B43237 /* Main.storyboard */; };
		55A4B6601E7A5D1200B43237 /* Assets.xcassets in Resources */ = {isa = PBXBuildFile; fileRef = 55A4B65F1E7A5D1200B43237 /* Assets.xcassets */; };
		55A4B6631E7A5D1200B43237 /* LaunchScreen.storyboard in Resources */ = {isa = PBXBuildFile; fileRef = 55A4B6611E7A5D1200B43237 /* LaunchScreen.storyboard */; };
		ADE028480C420566FBA2037F /* Pods_KingFisherDemo.framework in Frameworks */ = {isa = PBXBuildFile; fileRef = 35AE627579A90E189046B099 /* Pods_KingFisherDemo.framework */; };
/* End PBXBuildFile section */

/* Begin PBXFileReference section */
		35AE627579A90E189046B099 /* Pods_KingFisherDemo.framework */ = {isa = PBXFileReference; explicitFileType = wrapper.framework; includeInIndex = 0; path = Pods_KingFisherDemo.framework; sourceTree = BUILT_PRODUCTS_DIR; };
		55A4B6551E7A5D1200B43237 /* KingFisherDemo.app */ = {isa = PBXFileReference; explicitFileType = wrapper.application; includeInIndex = 0; path = KingFisherDemo.app; sourceTree = BUILT_PRODUCTS_DIR; };
		55A4B6581E7A5D1200B43237 /* AppDelegate.swift */ = {isa = PBXFileReference; lastKnownFileType = sourcecode.swift; path = AppDelegate.swift; sourceTree = "<group>"; };
		55A4B65A1E7A5D1200B43237 /* ViewController.swift */ = {isa = PBXFileReference; lastKnownFileType = sourcecode.swift; path = ViewController.swift; sourceTree = "<group>"; };
		55A4B65D1E7A5D1200B43237 /* Base */ = {isa = PBXFileReference; lastKnownFileType = file.storyboard; name = Base; path = Base.lproj/Main.storyboard; sourceTree = "<group>"; };
		55A4B65F1E7A5D1200B43237 /* Assets.xcassets */ = {isa = PBXFileReference; lastKnownFileType = folder.assetcatalog; path = Assets.xcassets; sourceTree = "<group>"; };
		55A4B6621E7A5D1200B43237 /* Base */ = {isa = PBXFileReference; lastKnownFileType = file.storyboard; name = Base; path = Base.lproj/LaunchScreen.storyboard; sourceTree = "<group>"; };
		55A4B6641E7A5D1200B43237 /* Info.plist */ = {isa = PBXFileReference; lastKnownFileType = text.plist.xml; path = Info.plist; sourceTree = "<group>"; };
		C9BA8F15D9502560C3E249C2 /* Pods-KingFisherDemo.release.xcconfig */ = {isa = PBXFileReference; includeInIndex = 1; lastKnownFileType = text.xcconfig; name = "Pods-KingFisherDemo.release.xcconfig"; path = "Pods/Target Support Files/Pods-KingFisherDemo/Pods-KingFisherDemo.release.xcconfig"; sourceTree = "<group>"; };
		E7B84711BF95FAA447F311B8 /* Pods-KingFisherDemo.debug.xcconfig */ = {isa = PBXFileReference; includeInIndex = 1; lastKnownFileType = text.xcconfig; name = "Pods-KingFisherDemo.debug.xcconfig"; path = "Pods/Target Support Files/Pods-KingFisherDemo/Pods-KingFisherDemo.debug.xcconfig"; sourceTree = "<group>"; };
/* End PBXFileReference section */

/* Begin PBXFrameworksBuildPhase section */
		55A4B6521E7A5D1200B43237 /* Frameworks */ = {
			isa = PBXFrameworksBuildPhase;
			buildActionMask = 2147483647;
			files = (
				ADE028480C420566FBA2037F /* Pods_KingFisherDemo.framework in Frameworks */,
			);
			runOnlyForDeploymentPostprocessing = 0;
		};
/* End PBXFrameworksBuildPhase section */

/* Begin PBXGroup section */
		27EF9B2BCB96C1D049043AA7 /* Frameworks */ = {
			isa = PBXGroup;
			children = (
				35AE627579A90E189046B099 /* Pods_KingFisherDemo.framework */,
			);
			name = Frameworks;
			sourceTree = "<group>";
		};
		55A4B64C1E7A5D1200B43237 = {
			isa = PBXGroup;
			children = (
				55A4B6571E7A5D1200B43237 /* KingFisherDemo */,
				55A4B6561E7A5D1200B43237 /* Products */,
				C05624629EE125E1DD333A91 /* Pods */,
				27EF9B2BCB96C1D049043AA7 /* Frameworks */,
			);
			sourceTree = "<group>";
		};
		55A4B6561E7A5D1200B43237 /* Products */ = {
			isa = PBXGroup;
			children = (
				55A4B6551E7A5D1200B43237 /* KingFisherDemo.app */,
			);
			name = Products;
			sourceTree = "<group>";
		};
		55A4B6571E7A5D1200B43237 /* KingFisherDemo */ = {
			isa = PBXGroup;
			children = (
				55A4B6581E7A5D1200B43237 /* AppDelegate.swift */,
				55A4B65A1E7A5D1200B43237 /* ViewController.swift */,
				55A4B65C1E7A5D1200B43237 /* Main.storyboard */,
				55A4B65F1E7A5D1200B43237 /* Assets.xcassets */,
				55A4B6611E7A5D1200B43237 /* LaunchScreen.storyboard */,
				55A4B6641E7A5D1200B43237 /* Info.plist */,
			);
			path = KingFisherDemo;
			sourceTree = "<group>";
		};
		C05624629EE125E1DD333A91 /* Pods */ = {
			isa = PBXGroup;
			children = (
				E7B84711BF95FAA447F311B8 /* Pods-KingFisherDemo.debug.xcconfig */,
				C9BA8F15D9502560C3E249C2 /* Pods-KingFisherDemo.release.xcconfig */,
			);
			name = Pods;
			sourceTree = "<group>";
		};
/* End PBXGroup section */

/* Begin PBXNativeTarget section */
		55A4B6541E7A5D1200B43237 /* KingFisherDemo */ = {
			isa = PBXNativeTarget;
			buildConfigurationList = 55A4B6671E7A5D1200B43237 /* Build configuration list for PBXNativeTarget "KingFisherDemo" */;
			buildPhases = (
				C5E2338FA08264DAF57C7B12 /* [CP] Check Pods Manifest.lock */,
				55A4B6511E7A5D1200B43237 /* Sources */,
				55A4B6521E7A5D1200B43237 /* Frameworks */,
				55A4B6531E7A5D1200B43237 /* Resources */,
				227281F62758944B0D1984B3 /* [CP] Embed Pods Frameworks */,
				A3E67A1070F14E1ACC51778D /* [CP] Copy Pods Resources */,
			);
			buildRules = (
			);
			dependencies = (
			);
			name = KingFisherDemo;
			productName = KingFisherDemo;
			productReference = 55A4B6551E7A5D1200B43237 /* KingFisherDemo.app */;
			productType = "com.apple.product-type.application";
		};
/* End PBXNativeTarget section */

/* Begin PBXProject section */
		55A4B64D1E7A5D1200B43237 /* Project object */ = {
			isa = PBXProject;
			attributes = {
				LastSwiftUpdateCheck = 0810;
				LastUpgradeCheck = 0810;
				ORGANIZATIONNAME = "Anurag Kulkarni";
				TargetAttributes = {
					55A4B6541E7A5D1200B43237 = {
						CreatedOnToolsVersion = 8.1;
						DevelopmentTeam = 3W5V7HNT87;
						ProvisioningStyle = Automatic;
					};
				};
			};
			buildConfigurationList = 55A4B6501E7A5D1200B43237 /* Build configuration list for PBXProject "KingFisherDemo" */;
			compatibilityVersion = "Xcode 3.2";
			developmentRegion = English;
			hasScannedForEncodings = 0;
			knownRegions = (
				en,
				Base,
			);
			mainGroup = 55A4B64C1E7A5D1200B43237;
			productRefGroup = 55A4B6561E7A5D1200B43237 /* Products */;
			projectDirPath = "";
			projectRoot = "";
			targets = (
				55A4B6541E7A5D1200B43237 /* KingFisherDemo */,
			);
		};
/* End PBXProject section */

/* Begin PBXResourcesBuildPhase section */
		55A4B6531E7A5D1200B43237 /* Resources */ = {
			isa = PBXResourcesBuildPhase;
			buildActionMask = 2147483647;
			files = (
				55A4B6631E7A5D1200B43237 /* LaunchScreen.storyboard in Resources */,
				55A4B6601E7A5D1200B43237 /* Assets.xcassets in Resources */,
				55A4B65E1E7A5D1200B43237 /* Main.storyboard in Resources */,
			);
			runOnlyForDeploymentPostprocessing = 0;
		};
/* End PBXResourcesBuildPhase section */

/* Begin PBXShellScriptBuildPhase section */
		227281F62758944B0D1984B3 /* [CP] Embed Pods Frameworks */ = {
			isa = PBXShellScriptBuildPhase;
			buildActionMask = 2147483647;
			files = (
			);
			inputPaths = (
			);
			name = "[CP] Embed Pods Frameworks";
			outputPaths = (
			);
			runOnlyForDeploymentPostprocessing = 0;
			shellPath = /bin/sh;
			shellScript = "\"${SRCROOT}/Pods/Target Support Files/Pods-KingFisherDemo/Pods-KingFisherDemo-frameworks.sh\"\n";
			showEnvVarsInLog = 0;
		};
		A3E67A1070F14E1ACC51778D /* [CP] Copy Pods Resources */ = {
			isa = PBXShellScriptBuildPhase;
			buildActionMask = 2147483647;
			files = (
			);
			inputPaths = (
			);
			name = "[CP] Copy Pods Resources";
			outputPaths = (
			);
			runOnlyForDeploymentPostprocessing = 0;
			shellPath = /bin/sh;
			shellScript = "\"${SRCROOT}/Pods/Target Support Files/Pods-KingFisherDemo/Pods-KingFisherDemo-resources.sh\"\n";
			showEnvVarsInLog = 0;
		};
		C5E2338FA08264DAF57C7B12 /* [CP] Check Pods Manifest.lock */ = {
			isa = PBXShellScriptBuildPhase;
			buildActionMask = 2147483647;
			files = (
			);
			inputPaths = (
			);
			name = "[CP] Check Pods Manifest.lock";
			outputPaths = (
			);
			runOnlyForDeploymentPostprocessing = 0;
			shellPath = /bin/sh;
			shellScript = "diff \"${PODS_ROOT}/../Podfile.lock\" \"${PODS_ROOT}/Manifest.lock\" > /dev/null\nif [ $? != 0 ] ; then\n    # print error to STDERR\n    echo \"error: The sandbox is not in sync with the Podfile.lock. Run 'pod install' or update your CocoaPods installation.\" >&2\n    exit 1\nfi\n";
			showEnvVarsInLog = 0;
		};
/* End PBXShellScriptBuildPhase section */

/* Begin PBXSourcesBuildPhase section */
		55A4B6511E7A5D1200B43237 /* Sources */ = {
			isa = PBXSourcesBuildPhase;
			buildActionMask = 2147483647;
			files = (
				55A4B65B1E7A5D1200B43237 /* ViewController.swift in Sources */,
				55A4B6591E7A5D1200B43237 /* AppDelegate.swift in Sources */,
			);
			runOnlyForDeploymentPostprocessing = 0;
		};
/* End PBXSourcesBuildPhase section */

/* Begin PBXVariantGroup section */
		55A4B65C1E7A5D1200B43237 /* Main.storyboard */ = {
			isa = PBXVariantGroup;
			children = (
				55A4B65D1E7A5D1200B43237 /* Base */,
			);
			name = Main.storyboard;
			sourceTree = "<group>";
		};
		55A4B6611E7A5D1200B43237 /* LaunchScreen.storyboard */ = {
			isa = PBXVariantGroup;
			children = (
				55A4B6621E7A5D1200B43237 /* Base */,
			);
			name = LaunchScreen.storyboard;
			sourceTree = "<group>";
		};
/* End PBXVariantGroup section */

/* Begin XCBuildConfiguration section */
		55A4B6651E7A5D1200B43237 /* Debug */ = {
			isa = XCBuildConfiguration;
			buildSettings = {
				ALWAYS_SEARCH_USER_PATHS = NO;
				CLANG_ANALYZER_NONNULL = YES;
				CLANG_CXX_LANGUAGE_STANDARD = "gnu++0x";
				CLANG_CXX_LIBRARY = "libc++";
				CLANG_ENABLE_MODULES = YES;
				CLANG_ENABLE_OBJC_ARC = YES;
				CLANG_WARN_BOOL_CONVERSION = YES;
				CLANG_WARN_CONSTANT_CONVERSION = YES;
				CLANG_WARN_DIRECT_OBJC_ISA_USAGE = YES_ERROR;
				CLANG_WARN_DOCUMENTATION_COMMENTS = YES;
				CLANG_WARN_EMPTY_BODY = YES;
				CLANG_WARN_ENUM_CONVERSION = YES;
				CLANG_WARN_INFINITE_RECURSION = YES;
				CLANG_WARN_INT_CONVERSION = YES;
				CLANG_WARN_OBJC_ROOT_CLASS = YES_ERROR;
				CLANG_WARN_SUSPICIOUS_MOVES = YES;
				CLANG_WARN_UNREACHABLE_CODE = YES;
				CLANG_WARN__DUPLICATE_METHOD_MATCH = YES;
				"CODE_SIGN_IDENTITY[sdk=iphoneos*]" = "iPhone Developer";
				COPY_PHASE_STRIP = NO;
				DEBUG_INFORMATION_FORMAT = dwarf;
				ENABLE_STRICT_OBJC_MSGSEND = YES;
				ENABLE_TESTABILITY = YES;
				GCC_C_LANGUAGE_STANDARD = gnu99;
				GCC_DYNAMIC_NO_PIC = NO;
				GCC_NO_COMMON_BLOCKS = YES;
				GCC_OPTIMIZATION_LEVEL = 0;
				GCC_PREPROCESSOR_DEFINITIONS = (
					"DEBUG=1",
					"$(inherited)",
				);
				GCC_WARN_64_TO_32_BIT_CONVERSION = YES;
				GCC_WARN_ABOUT_RETURN_TYPE = YES_ERROR;
				GCC_WARN_UNDECLARED_SELECTOR = YES;
				GCC_WARN_UNINITIALIZED_AUTOS = YES_AGGRESSIVE;
				GCC_WARN_UNUSED_FUNCTION = YES;
				GCC_WARN_UNUSED_VARIABLE = YES;
				IPHONEOS_DEPLOYMENT_TARGET = 10.1;
				MTL_ENABLE_DEBUG_INFO = YES;
				ONLY_ACTIVE_ARCH = YES;
				SDKROOT = iphoneos;
				SWIFT_ACTIVE_COMPILATION_CONDITIONS = DEBUG;
				SWIFT_OPTIMIZATION_LEVEL = "-Onone";
				TARGETED_DEVICE_FAMILY = "1,2";
			};
			name = Debug;
		};
		55A4B6661E7A5D1200B43237 /* Release */ = {
			isa = XCBuildConfiguration;
			buildSettings = {
				ALWAYS_SEARCH_USER_PATHS = NO;
				CLANG_ANALYZER_NONNULL = YES;
				CLANG_CXX_LANGUAGE_STANDARD = "gnu++0x";
				CLANG_CXX_LIBRARY = "libc++";
				CLANG_ENABLE_MODULES = YES;
				CLANG_ENABLE_OBJC_ARC = YES;
				CLANG_WARN_BOOL_CONVERSION = YES;
				CLANG_WARN_CONSTANT_CONVERSION = YES;
				CLANG_WARN_DIRECT_OBJC_ISA_USAGE = YES_ERROR;
				CLANG_WARN_DOCUMENTATION_COMMENTS = YES;
				CLANG_WARN_EMPTY_BODY = YES;
				CLANG_WARN_ENUM_CONVERSION = YES;
				CLANG_WARN_INFINITE_RECURSION = YES;
				CLANG_WARN_INT_CONVERSION = YES;
				CLANG_WARN_OBJC_ROOT_CLASS = YES_ERROR;
				CLANG_WARN_SUSPICIOUS_MOVES = YES;
				CLANG_WARN_UNREACHABLE_CODE = YES;
				CLANG_WARN__DUPLICATE_METHOD_MATCH = YES;
				"CODE_SIGN_IDENTITY[sdk=iphoneos*]" = "iPhone Developer";
				COPY_PHASE_STRIP = NO;
				DEBUG_INFORMATION_FORMAT = "dwarf-with-dsym";
				ENABLE_NS_ASSERTIONS = NO;
				ENABLE_STRICT_OBJC_MSGSEND = YES;
				GCC_C_LANGUAGE_STANDARD = gnu99;
				GCC_NO_COMMON_BLOCKS = YES;
				GCC_WARN_64_TO_32_BIT_CONVERSION = YES;
				GCC_WARN_ABOUT_RETURN_TYPE = YES_ERROR;
				GCC_WARN_UNDECLARED_SELECTOR = YES;
				GCC_WARN_UNINITIALIZED_AUTOS = YES_AGGRESSIVE;
				GCC_WARN_UNUSED_FUNCTION = YES;
				GCC_WARN_UNUSED_VARIABLE = YES;
				IPHONEOS_DEPLOYMENT_TARGET = 10.1;
				MTL_ENABLE_DEBUG_INFO = NO;
				SDKROOT = iphoneos;
				SWIFT_OPTIMIZATION_LEVEL = "-Owholemodule";
				TARGETED_DEVICE_FAMILY = "1,2";
				VALIDATE_PRODUCT = YES;
			};
			name = Release;
		};
		55A4B6681E7A5D1200B43237 /* Debug */ = {
			isa = XCBuildConfiguration;
			baseConfigurationReference = E7B84711BF95FAA447F311B8 /* Pods-KingFisherDemo.debug.xcconfig */;
			buildSettings = {
				ASSETCATALOG_COMPILER_APPICON_NAME = AppIcon;
				"CODE_SIGN_IDENTITY[sdk=iphoneos*]" = "iPhone Developer";
				DEVELOPMENT_TEAM = 3W5V7HNT87;
				INFOPLIST_FILE = KingFisherDemo/Info.plist;
				LD_RUNPATH_SEARCH_PATHS = "$(inherited) @executable_path/Frameworks";
				PRODUCT_BUNDLE_IDENTIFIER = com.v2solutions.com.KingFisherDemo;
				PRODUCT_NAME = "$(TARGET_NAME)";
				SWIFT_VERSION = 3.0;
			};
			name = Debug;
		};
		55A4B6691E7A5D1200B43237 /* Release */ = {
			isa = XCBuildConfiguration;
			baseConfigurationReference = C9BA8F15D9502560C3E249C2 /* Pods-KingFisherDemo.release.xcconfig */;
			buildSettings = {
				ASSETCATALOG_COMPILER_APPICON_NAME = AppIcon;
				"CODE_SIGN_IDENTITY[sdk=iphoneos*]" = "iPhone Developer";
				DEVELOPMENT_TEAM = 3W5V7HNT87;
				INFOPLIST_FILE = KingFisherDemo/Info.plist;
				LD_RUNPATH_SEARCH_PATHS = "$(inherited) @executable_path/Frameworks";
				PRODUCT_BUNDLE_IDENTIFIER = com.v2solutions.com.KingFisherDemo;
				PRODUCT_NAME = "$(TARGET_NAME)";
				SWIFT_VERSION = 3.0;
			};
			name = Release;
		};
/* End XCBuildConfiguration section */

/* Begin XCConfigurationList section */
		55A4B6501E7A5D1200B43237 /* Build configuration list for PBXProject "KingFisherDemo" */ = {
			isa = XCConfigurationList;
			buildConfigurations = (
				55A4B6651E7A5D1200B43237 /* Debug */,
				55A4B6661E7A5D1200B43237 /* Release */,
			);
			defaultConfigurationIsVisible = 0;
			defaultConfigurationName = Release;
		};
		55A4B6671E7A5D1200B43237 /* Build configuration list for PBXNativeTarget "KingFisherDemo" */ = {
			isa = XCConfigurationList;
			buildConfigurations = (
				55A4B6681E7A5D1200B43237 /* Debug */,
				55A4B6691E7A5D1200B43237 /* Release */,
			);
			defaultConfigurationIsVisible = 0;
			defaultConfigurationName = Release;
		};
/* End XCConfigurationList section */
	};
	rootObject = 55A4B64D1E7A5D1200B43237 /* Project object */;
}
